
Microsoft Visual Studio Solution File, Format Version 12.00
# Visual Studio Version 17
VisualStudioVersion = 17.7.34024.191
MinimumVisualStudioVersion = 10.0.40219.1
Project("{FAE04EC0-301F-11D3-BF4B-00C04F79EFBC}") = "Vetores", "Vetores\Vetores.csproj", "{DF38DF21-6FFF-4AC8-820E-7E8F9DEC4C41}"
EndProject
Global
	GlobalSection(SolutionConfigurationPlatforms) = preSolution
		Debug|Any CPU = Debug|Any CPU
		Release|Any CPU = Release|Any CPU
	EndGlobalSection
	GlobalSection(ProjectConfigurationPlatforms) = postSolution
		{DF38DF21-6FFF-4AC8-820E-7E8F9DEC4C41}.Debug|Any CPU.ActiveCfg = Debug|Any CPU
		{DF38DF21-6FFF-4AC8-820E-7E8F9DEC4C41}.Debug|Any CPU.Build.0 = Debug|Any CPU
		{DF38DF21-6FFF-4AC8-820E-7E8F9DEC4C41}.Release|Any CPU.ActiveCfg = Release|Any CPU
		{DF38DF21-6FFF-4AC8-820E-7E8F9DEC4C41}.Release|Any CPU.Build.0 = Release|Any CPU
	EndGlobalSection
	GlobalSection(SolutionProperties) = preSolution
		HideSolutionNode = FALSE
	EndGlobalSection
	GlobalSection(ExtensibilityGlobals) = postSolution
		SolutionGuid = {10D7BCF4-C6DB-45AF-BE80-5013FBE788FF}
	EndGlobalSection
EndGlobal
